// !$*UTF8*$!
{
	archiveVersion = 1;
	classes = {
	};
	objectVersion = 55;
	objects = {

/* Begin PBXBuildFile section */
		8535C01F275FB70D00CBE899 /* Custom_Tab_BarApp.swift in Sources */ = {isa = PBXBuildFile; fileRef = 8535C01E275FB70D00CBE899 /* Custom_Tab_BarApp.swift */; };
		8535C021275FB70D00CBE899 /* ContentView.swift in Sources */ = {isa = PBXBuildFile; fileRef = 8535C020275FB70D00CBE899 /* ContentView.swift */; };
		8535C023275FB71000CBE899 /* Assets.xcassets in Resources */ = {isa = PBXBuildFile; fileRef = 8535C022275FB71000CBE899 /* Assets.xcassets */; };
		8535C026275FB71000CBE899 /* Preview Assets.xcassets in Resources */ = {isa = PBXBuildFile; fileRef = 8535C025275FB71000CBE899 /* Preview Assets.xcassets */; };
		8535C02F275FB8AF00CBE899 /* CustomTabBar.swift in Sources */ = {isa = PBXBuildFile; fileRef = 8535C02E275FB8AC00CBE899 /* CustomTabBar.swift */; };
		8535C031275FB94E00CBE899 /* TabViewModel.swift in Sources */ = {isa = PBXBuildFile; fileRef = 8535C030275FB94E00CBE899 /* TabViewModel.swift */; };
		8535C033275FC7A800CBE899 /* Home.swift in Sources */ = {isa = PBXBuildFile; fileRef = 8535C032275FC7A700CBE899 /* Home.swift */; };
		8535C035275FCA3D00CBE899 /* Card.swift in Sources */ = {isa = PBXBuildFile; fileRef = 8535C034275FCA3D00CBE899 /* Card.swift */; };
		8535C037275FD6FD00CBE899 /* DetailView.swift in Sources */ = {isa = PBXBuildFile; fileRef = 8535C036275FD6FD00CBE899 /* DetailView.swift */; };
/* End PBXBuildFile section */

/* Begin PBXFileReference section */
		8535C01B275FB70D00CBE899 /* Custom Tab Bar.app */ = {isa = PBXFileReference; explicitFileType = wrapper.application; includeInIndex = 0; path = "Custom Tab Bar.app"; sourceTree = BUILT_PRODUCTS_DIR; };
		8535C01E275FB70D00CBE899 /* Custom_Tab_BarApp.swift */ = {isa = PBXFileReference; lastKnownFileType = sourcecode.swift; path = Custom_Tab_BarApp.swift; sourceTree = "<group>"; };
		8535C020275FB70D00CBE899 /* ContentView.swift */ = {isa = PBXFileReference; lastKnownFileType = sourcecode.swift; path = ContentView.swift; sourceTree = "<group>"; };
		8535C022275FB71000CBE899 /* Assets.xcassets */ = {isa = PBXFileReference; lastKnownFileType = folder.assetcatalog; path = Assets.xcassets; sourceTree = "<group>"; };
		8535C025275FB71000CBE899 /* Preview Assets.xcassets */ = {isa = PBXFileReference; lastKnownFileType = folder.assetcatalog; path = "Preview Assets.xcassets"; sourceTree = "<group>"; };
		8535C02E275FB8AC00CBE899 /* CustomTabBar.swift */ = {isa = PBXFileReference; lastKnownFileType = sourcecode.swift; path = CustomTabBar.swift; sourceTree = "<group>"; };
		8535C030275FB94E00CBE899 /* TabViewModel.swift */ = {isa = PBXFileReference; lastKnownFileType = sourcecode.swift; path = TabViewModel.swift; sourceTree = "<group>"; };
		8535C032275FC7A700CBE899 /* Home.swift */ = {isa = PBXFileReference; lastKnownFileType = sourcecode.swift; path = Home.swift; sourceTree = "<group>"; };
		8535C034275FCA3D00CBE899 /* Card.swift */ = {isa = PBXFileReference; lastKnownFileType = sourcecode.swift; path = Card.swift; sourceTree = "<group>"; };
		8535C036275FD6FD00CBE899 /* DetailView.swift */ = {isa = PBXFileReference; lastKnownFileType = sourcecode.swift; path = DetailView.swift; sourceTree = "<group>"; };
/* End PBXFileReference section */

/* Begin PBXFrameworksBuildPhase section */
		8535C018275FB70D00CBE899 /* Frameworks */ = {
			isa = PBXFrameworksBuildPhase;
			buildActionMask = 2147483647;
			files = (
			);
			runOnlyForDeploymentPostprocessing = 0;
		};
/* End PBXFrameworksBuildPhase section */

/* Begin PBXGroup section */
		8535C012275FB70C00CBE899 = {
			isa = PBXGroup;
			children = (
				8535C01D275FB70D00CBE899 /* Custom Tab Bar */,
				8535C01C275FB70D00CBE899 /* Products */,
			);
			sourceTree = "<group>";
		};
		8535C01C275FB70D00CBE899 /* Products */ = {
			isa = PBXGroup;
			children = (
				8535C01B275FB70D00CBE899 /* Custom Tab Bar.app */,
			);
			name = Products;
			sourceTree = "<group>";
		};
		8535C01D275FB70D00CBE899 /* Custom Tab Bar */ = {
			isa = PBXGroup;
			children = (
				8535C02D275FB87D00CBE899 /* ViewModels */,
				8535C02C275FB84600CBE899 /* Views */,
				8535C01E275FB70D00CBE899 /* Custom_Tab_BarApp.swift */,
				8535C020275FB70D00CBE899 /* ContentView.swift */,
				8535C022275FB71000CBE899 /* Assets.xcassets */,
				8535C024275FB71000CBE899 /* Preview Content */,
			);
			path = "Custom Tab Bar";
			sourceTree = "<group>";
		};
		8535C024275FB71000CBE899 /* Preview Content */ = {
			isa = PBXGroup;
			children = (
				8535C025275FB71000CBE899 /* Preview Assets.xcassets */,
			);
			path = "Preview Content";
			sourceTree = "<group>";
		};
		8535C02C275FB84600CBE899 /* Views */ = {
			isa = PBXGroup;
			children = (
				8535C02E275FB8AC00CBE899 /* CustomTabBar.swift */,
				8535C032275FC7A700CBE899 /* Home.swift */,
				8535C036275FD6FD00CBE899 /* DetailView.swift */,
			);
			path = Views;
			sourceTree = "<group>";
		};
		8535C02D275FB87D00CBE899 /* ViewModels */ = {
			isa = PBXGroup;
			children = (
				8535C030275FB94E00CBE899 /* TabViewModel.swift */,
				8535C034275FCA3D00CBE899 /* Card.swift */,
			);
			path = ViewModels;
			sourceTree = "<group>";
		};
/* End PBXGroup section */

/* Begin PBXNativeTarget section */
		8535C01A275FB70D00CBE899 /* Custom Tab Bar */ = {
			isa = PBXNativeTarget;
			buildConfigurationList = 8535C029275FB71000CBE899 /* Build configuration list for PBXNativeTarget "Custom Tab Bar" */;
			buildPhases = (
				8535C017275FB70D00CBE899 /* Sources */,
				8535C018275FB70D00CBE899 /* Frameworks */,
				8535C019275FB70D00CBE899 /* Resources */,
			);
			buildRules = (
			);
			dependencies = (
			);
			name = "Custom Tab Bar";
			productName = "Custom Tab Bar";
			productReference = 8535C01B275FB70D00CBE899 /* Custom Tab Bar.app */;
			productType = "com.apple.product-type.application";
		};
/* End PBXNativeTarget section */

/* Begin PBXProject section */
		8535C013275FB70C00CBE899 /* Project object */ = {
			isa = PBXProject;
			attributes = {
				BuildIndependentTargetsInParallel = 1;
				LastSwiftUpdateCheck = 1310;
				LastUpgradeCheck = 1310;
				TargetAttributes = {
					8535C01A275FB70D00CBE899 = {
						CreatedOnToolsVersion = 13.1;
					};
				};
			};
			buildConfigurationList = 8535C016275FB70C00CBE899 /* Build configuration list for PBXProject "Custom Tab Bar" */;
			compatibilityVersion = "Xcode 13.0";
			developmentRegion = en;
			hasScannedForEncodings = 0;
			knownRegions = (
				en,
				Base,
			);
			mainGroup = 8535C012275FB70C00CBE899;
			productRefGroup = 8535C01C275FB70D00CBE899 /* Products */;
			projectDirPath = "";
			projectRoot = "";
			targets = (
				8535C01A275FB70D00CBE899 /* Custom Tab Bar */,
			);
		};
/* End PBXProject section */

/* Begin PBXResourcesBuildPhase section */
		8535C019275FB70D00CBE899 /* Resources */ = {
			isa = PBXResourcesBuildPhase;
			buildActionMask = 2147483647;
			files = (
				8535C026275FB71000CBE899 /* Preview Assets.xcassets in Resources */,
				8535C023275FB71000CBE899 /* Assets.xcassets in Resources */,
			);
			runOnlyForDeploymentPostprocessing = 0;
		};
/* End PBXResourcesBuildPhase section */

/* Begin PBXSourcesBuildPhase section */
		8535C017275FB70D00CBE899 /* Sources */ = {
			isa = PBXSourcesBuildPhase;
			buildActionMask = 2147483647;
			files = (
				8535C031275FB94E00CBE899 /* TabViewModel.swift in Sources */,
				8535C035275FCA3D00CBE899 /* Card.swift in Sources */,
				8535C021275FB70D00CBE899 /* ContentView.swift in Sources */,
				8535C037275FD6FD00CBE899 /* DetailView.swift in Sources */,
				8535C033275FC7A800CBE899 /* Home.swift in Sources */,
				8535C02F275FB8AF00CBE899 /* CustomTabBar.swift in Sources */,
				8535C01F275FB70D00CBE899 /* Custom_Tab_BarApp.swift in Sources */,
			);
			runOnlyForDeploymentPostprocessing = 0;
		};
/* End PBXSourcesBuildPhase section */

/* Begin XCBuildConfiguration section */
		8535C027275FB71000CBE899 /* Debug */ = {
			isa = XCBuildConfiguration;
			buildSettings = {
				ALWAYS_SEARCH_USER_PATHS = NO;
				CLANG_ANALYZER_NONNULL = YES;
				CLANG_ANALYZER_NUMBER_OBJECT_CONVERSION = YES_AGGRESSIVE;
				CLANG_CXX_LANGUAGE_STANDARD = "gnu++17";
				CLANG_CXX_LIBRARY = "libc++";
				CLANG_ENABLE_MODULES = YES;
				CLANG_ENABLE_OBJC_ARC = YES;
				CLANG_ENABLE_OBJC_WEAK = YES;
				CLANG_WARN_BLOCK_CAPTURE_AUTORELEASING = YES;
				CLANG_WARN_BOOL_CONVERSION = YES;
				CLANG_WARN_COMMA = YES;
				CLANG_WARN_CONSTANT_CONVERSION = YES;
				CLANG_WARN_DEPRECATED_OBJC_IMPLEMENTATIONS = YES;
				CLANG_WARN_DIRECT_OBJC_ISA_USAGE = YES_ERROR;
				CLANG_WARN_DOCUMENTATION_COMMENTS = YES;
				CLANG_WARN_EMPTY_BODY = YES;
				CLANG_WARN_ENUM_CONVERSION = YES;
				CLANG_WARN_INFINITE_RECURSION = YES;
				CLANG_WARN_INT_CONVERSION = YES;
				CLANG_WARN_NON_LITERAL_NULL_CONVERSION = YES;
				CLANG_WARN_OBJC_IMPLICIT_RETAIN_SELF = YES;
				CLANG_WARN_OBJC_LITERAL_CONVERSION = YES;
				CLANG_WARN_OBJC_ROOT_CLASS = YES_ERROR;
				CLANG_WARN_QUOTED_INCLUDE_IN_FRAMEWORK_HEADER = YES;
				CLANG_WARN_RANGE_LOOP_ANALYSIS = YES;
				CLANG_WARN_STRICT_PROTOTYPES = YES;
				CLANG_WARN_SUSPICIOUS_MOVE = YES;
				CLANG_WARN_UNGUARDED_AVAILABILITY = YES_AGGRESSIVE;
				CLANG_WARN_UNREACHABLE_CODE = YES;
				CLANG_WARN__DUPLICATE_METHOD_MATCH = YES;
				COPY_PHASE_STRIP = NO;
				DEBUG_INFORMATION_FORMAT = dwarf;
				ENABLE_STRICT_OBJC_MSGSEND = YES;
				ENABLE_TESTABILITY = YES;
				GCC_C_LANGUAGE_STANDARD = gnu11;
				GCC_DYNAMIC_NO_PIC = NO;
				GCC_NO_COMMON_BLOCKS = YES;
				GCC_OPTIMIZATION_LEVEL = 0;
				GCC_PREPROCESSOR_DEFINITIONS = (
					"DEBUG=1",
					"$(inherited)",
				);
				GCC_WARN_64_TO_32_BIT_CONVERSION = YES;
				GCC_WARN_ABOUT_RETURN_TYPE = YES_ERROR;
				GCC_WARN_UNDECLARED_SELECTOR = YES;
				GCC_WARN_UNINITIALIZED_AUTOS = YES_AGGRESSIVE;
				GCC_WARN_UNUSED_FUNCTION = YES;
				GCC_WARN_UNUSED_VARIABLE = YES;
				IPHONEOS_DEPLOYMENT_TARGET = 15.0;
				MTL_ENABLE_DEBUG_INFO = INCLUDE_SOURCE;
				MTL_FAST_MATH = YES;
				ONLY_ACTIVE_ARCH = YES;
				SDKROOT = iphoneos;
				SWIFT_ACTIVE_COMPILATION_CONDITIONS = DEBUG;
				SWIFT_OPTIMIZATION_LEVEL = "-Onone";
			};
			name = Debug;
		};
		8535C028275FB71000CBE899 /* Release */ = {
			isa = XCBuildConfiguration;
			buildSettings = {
				ALWAYS_SEARCH_USER_PATHS = NO;
				CLANG_ANALYZER_NONNULL = YES;
				CLANG_ANALYZER_NUMBER_OBJECT_CONVERSION = YES_AGGRESSIVE;
				CLANG_CXX_LANGUAGE_STANDARD = "gnu++17";
				CLANG_CXX_LIBRARY = "libc++";
				CLANG_ENABLE_MODULES = YES;
				CLANG_ENABLE_OBJC_ARC = YES;
				CLANG_ENABLE_OBJC_WEAK = YES;
				CLANG_WARN_BLOCK_CAPTURE_AUTORELEASING = YES;
				CLANG_WARN_BOOL_CONVERSION = YES;
				CLANG_WARN_COMMA = YES;
				CLANG_WARN_CONSTANT_CONVERSION = YES;
				CLANG_WARN_DEPRECATED_OBJC_IMPLEMENTATIONS = YES;
				CLANG_WARN_DIRECT_OBJC_ISA_USAGE = YES_ERROR;
				CLANG_WARN_DOCUMENTATION_COMMENTS = YES;
				CLANG_WARN_EMPTY_BODY = YES;
				CLANG_WARN_ENUM_CONVERSION = YES;
				CLANG_WARN_INFINITE_RECURSION = YES;
				CLANG_WARN_INT_CONVERSION = YES;
				CLANG_WARN_NON_LITERAL_NULL_CONVERSION = YES;
				CLANG_WARN_OBJC_IMPLICIT_RETAIN_SELF = YES;
				CLANG_WARN_OBJC_LITERAL_CONVERSION = YES;
				CLANG_WARN_OBJC_ROOT_CLASS = YES_ERROR;
				CLANG_WARN_QUOTED_INCLUDE_IN_FRAMEWORK_HEADER = YES;
				CLANG_WARN_RANGE_LOOP_ANALYSIS = YES;
				CLANG_WARN_STRICT_PROTOTYPES = YES;
				CLANG_WARN_SUSPICIOUS_MOVE = YES;
				CLANG_WARN_UNGUARDED_AVAILABILITY = YES_AGGRESSIVE;
				CLANG_WARN_UNREACHABLE_CODE = YES;
				CLANG_WARN__DUPLICATE_METHOD_MATCH = YES;
				COPY_PHASE_STRIP = NO;
				DEBUG_INFORMATION_FORMAT = "dwarf-with-dsym";
				ENABLE_NS_ASSERTIONS = NO;
				ENABLE_STRICT_OBJC_MSGSEND = YES;
				GCC_C_LANGUAGE_STANDARD = gnu11;
				GCC_NO_COMMON_BLOCKS = YES;
				GCC_WARN_64_TO_32_BIT_CONVERSION = YES;
				GCC_WARN_ABOUT_RETURN_TYPE = YES_ERROR;
				GCC_WARN_UNDECLARED_SELECTOR = YES;
				GCC_WARN_UNINITIALIZED_AUTOS = YES_AGGRESSIVE;
				GCC_WARN_UNUSED_FUNCTION = YES;
				GCC_WARN_UNUSED_VARIABLE = YES;
				IPHONEOS_DEPLOYMENT_TARGET = 15.0;
				MTL_ENABLE_DEBUG_INFO = NO;
				MTL_FAST_MATH = YES;
				SDKROOT = iphoneos;
				SWIFT_COMPILATION_MODE = wholemodule;
				SWIFT_OPTIMIZATION_LEVEL = "-O";
				VALIDATE_PRODUCT = YES;
			};
			name = Release;
		};
		8535C02A275FB71000CBE899 /* Debug */ = {
			isa = XCBuildConfiguration;
			buildSettings = {
				ASSETCATALOG_COMPILER_APPICON_NAME = AppIcon;
				ASSETCATALOG_COMPILER_GLOBAL_ACCENT_COLOR_NAME = AccentColor;
				CODE_SIGN_STYLE = Automatic;
				CURRENT_PROJECT_VERSION = 1;
				DEVELOPMENT_ASSET_PATHS = "\"Custom Tab Bar/Preview Content\"";
				DEVELOPMENT_TEAM = L8NYQZHD67;
				ENABLE_PREVIEWS = YES;
				GENERATE_INFOPLIST_FILE = YES;
				INFOPLIST_KEY_UIApplicationSceneManifest_Generation = YES;
				INFOPLIST_KEY_UIApplicationSupportsIndirectInputEvents = YES;
				INFOPLIST_KEY_UILaunchScreen_Generation = YES;
				INFOPLIST_KEY_UISupportedInterfaceOrientations_iPad = "UIInterfaceOrientationPortrait UIInterfaceOrientationPortraitUpsideDown UIInterfaceOrientationLandscapeLeft UIInterfaceOrientationLandscapeRight";
				INFOPLIST_KEY_UISupportedInterfaceOrientations_iPhone = "UIInterfaceOrientationPortrait UIInterfaceOrientationLandscapeLeft UIInterfaceOrientationLandscapeRight";
				LD_RUNPATH_SEARCH_PATHS = (
					"$(inherited)",
					"@executable_path/Frameworks",
				);
				MARKETING_VERSION = 1.0;
				PRODUCT_BUNDLE_IDENTIFIER = "vladislav.zhiv.Custom-Tab-Bar";
				PRODUCT_NAME = "$(TARGET_NAME)";
				SWIFT_EMIT_LOC_STRINGS = YES;
				SWIFT_VERSION = 5.0;
				TARGETED_DEVICE_FAMILY = "1,2";
			};
			name = Debug;
		};
		8535C02B275FB71000CBE899 /* Release */ = {
			isa = XCBuildConfiguration;
			buildSettings = {
				ASSETCATALOG_COMPILER_APPICON_NAME = AppIcon;
				ASSETCATALOG_COMPILER_GLOBAL_ACCENT_COLOR_NAME = AccentColor;
				CODE_SIGN_STYLE = Automatic;
				CURRENT_PROJECT_VERSION = 1;
				DEVELOPMENT_ASSET_PATHS = "\"Custom Tab Bar/Preview Content\"";
				DEVELOPMENT_TEAM = L8NYQZHD67;
				ENABLE_PREVIEWS = YES;
				GENERATE_INFOPLIST_FILE = YES;
				INFOPLIST_KEY_UIApplicationSceneManifest_Generation = YES;
				INFOPLIST_KEY_UIApplicationSupportsIndirectInputEvents = YES;
				INFOPLIST_KEY_UILaunchScreen_Generation = YES;
				INFOPLIST_KEY_UISupportedInterfaceOrientations_iPad = "UIInterfaceOrientationPortrait UIInterfaceOrientationPortraitUpsideDown UIInterfaceOrientationLandscapeLeft UIInterfaceOrientationLandscapeRight";
				INFOPLIST_KEY_UISupportedInterfaceOrientations_iPhone = "UIInterfaceOrientationPortrait UIInterfaceOrientationLandscapeLeft UIInterfaceOrientationLandscapeRight";
				LD_RUNPATH_SEARCH_PATHS = (
					"$(inherited)",
					"@executable_path/Frameworks",
				);
				MARKETING_VERSION = 1.0;
				PRODUCT_BUNDLE_IDENTIFIER = "vladislav.zhiv.Custom-Tab-Bar";
				PRODUCT_NAME = "$(TARGET_NAME)";
				SWIFT_EMIT_LOC_STRINGS = YES;
				SWIFT_VERSION = 5.0;
				TARGETED_DEVICE_FAMILY = "1,2";
			};
			name = Release;
		};
/* End XCBuildConfiguration section */

/* Begin XCConfigurationList section */
		8535C016275FB70C00CBE899 /* Build configuration list for PBXProject "Custom Tab Bar" */ = {
			isa = XCConfigurationList;
			buildConfigurations = (
				8535C027275FB71000CBE899 /* Debug */,
				8535C028275FB71000CBE899 /* Release */,
			);
			defaultConfigurationIsVisible = 0;
			defaultConfigurationName = Release;
		};
		8535C029275FB71000CBE899 /* Build configuration list for PBXNativeTarget "Custom Tab Bar" */ = {
			isa = XCConfigurationList;
			buildConfigurations = (
				8535C02A275FB71000CBE899 /* Debug */,
				8535C02B275FB71000CBE899 /* Release */,
			);
			defaultConfigurationIsVisible = 0;
			defaultConfigurationName = Release;
		};
/* End XCConfigurationList section */
	};
	rootObject = 8535C013275FB70C00CBE899 /* Project object */;
}
