// !$*UTF8*$!
{
	archiveVersion = 1;
	classes = {
	};
	objectVersion = 55;
	objects = {

/* Begin PBXBuildFile section */
		8558FC7D275D1282007CF2CC /* WeatherDemoApp.swift in Sources */ = {isa = PBXBuildFile; fileRef = 8558FC7C275D1282007CF2CC /* WeatherDemoApp.swift */; };
		8558FC7F275D1282007CF2CC /* ContentView.swift in Sources */ = {isa = PBXBuildFile; fileRef = 8558FC7E275D1282007CF2CC /* ContentView.swift */; };
		8558FC81275D1285007CF2CC /* Assets.xcassets in Resources */ = {isa = PBXBuildFile; fileRef = 8558FC80275D1285007CF2CC /* Assets.xcassets */; };
		8558FC84275D1285007CF2CC /* Preview Assets.xcassets in Resources */ = {isa = PBXBuildFile; fileRef = 8558FC83275D1285007CF2CC /* Preview Assets.xcassets */; };
		8558FC8C275D12EE007CF2CC /* LocationManager.swift in Sources */ = {isa = PBXBuildFile; fileRef = 8558FC8B275D12EE007CF2CC /* LocationManager.swift */; };
		8558FC8F275D14C2007CF2CC /* WelcomeView.swift in Sources */ = {isa = PBXBuildFile; fileRef = 8558FC8E275D14C2007CF2CC /* WelcomeView.swift */; };
		8558FC91275D188A007CF2CC /* LoadingView.swift in Sources */ = {isa = PBXBuildFile; fileRef = 8558FC90275D1889007CF2CC /* LoadingView.swift */; };
		8558FC93275D1A86007CF2CC /* WeatherManager.swift in Sources */ = {isa = PBXBuildFile; fileRef = 8558FC92275D1A86007CF2CC /* WeatherManager.swift */; };
		8558FC95275D1EF0007CF2CC /* WeatherView.swift in Sources */ = {isa = PBXBuildFile; fileRef = 8558FC94275D1EF0007CF2CC /* WeatherView.swift */; };
		8558FC97275D1FCD007CF2CC /* ModelData.swift in Sources */ = {isa = PBXBuildFile; fileRef = 8558FC96275D1FCD007CF2CC /* ModelData.swift */; };
		8558FC99275D2025007CF2CC /* weatherData.json in Resources */ = {isa = PBXBuildFile; fileRef = 8558FC98275D2025007CF2CC /* weatherData.json */; };
		8558FC9B275D2325007CF2CC /* Extensions.swift in Sources */ = {isa = PBXBuildFile; fileRef = 8558FC9A275D2325007CF2CC /* Extensions.swift */; };
		8558FC9E275D2CB4007CF2CC /* WeatherRow.swift in Sources */ = {isa = PBXBuildFile; fileRef = 8558FC9D275D2CB4007CF2CC /* WeatherRow.swift */; };
/* End PBXBuildFile section */

/* Begin PBXFileReference section */
		8558FC79275D1281007CF2CC /* WeatherDemo.app */ = {isa = PBXFileReference; explicitFileType = wrapper.application; includeInIndex = 0; path = WeatherDemo.app; sourceTree = BUILT_PRODUCTS_DIR; };
		8558FC7C275D1282007CF2CC /* WeatherDemoApp.swift */ = {isa = PBXFileReference; lastKnownFileType = sourcecode.swift; path = WeatherDemoApp.swift; sourceTree = "<group>"; };
		8558FC7E275D1282007CF2CC /* ContentView.swift */ = {isa = PBXFileReference; lastKnownFileType = sourcecode.swift; path = ContentView.swift; sourceTree = "<group>"; };
		8558FC80275D1285007CF2CC /* Assets.xcassets */ = {isa = PBXFileReference; lastKnownFileType = folder.assetcatalog; path = Assets.xcassets; sourceTree = "<group>"; };
		8558FC83275D1285007CF2CC /* Preview Assets.xcassets */ = {isa = PBXFileReference; lastKnownFileType = folder.assetcatalog; path = "Preview Assets.xcassets"; sourceTree = "<group>"; };
		8558FC8B275D12EE007CF2CC /* LocationManager.swift */ = {isa = PBXFileReference; lastKnownFileType = sourcecode.swift; path = LocationManager.swift; sourceTree = "<group>"; };
		8558FC8E275D14C2007CF2CC /* WelcomeView.swift */ = {isa = PBXFileReference; lastKnownFileType = sourcecode.swift; path = WelcomeView.swift; sourceTree = "<group>"; };
		8558FC90275D1889007CF2CC /* LoadingView.swift */ = {isa = PBXFileReference; lastKnownFileType = sourcecode.swift; path = LoadingView.swift; sourceTree = "<group>"; };
		8558FC92275D1A86007CF2CC /* WeatherManager.swift */ = {isa = PBXFileReference; lastKnownFileType = sourcecode.swift; path = WeatherManager.swift; sourceTree = "<group>"; };
		8558FC94275D1EF0007CF2CC /* WeatherView.swift */ = {isa = PBXFileReference; lastKnownFileType = sourcecode.swift; path = WeatherView.swift; sourceTree = "<group>"; };
		8558FC96275D1FCD007CF2CC /* ModelData.swift */ = {isa = PBXFileReference; lastKnownFileType = sourcecode.swift; path = ModelData.swift; sourceTree = "<group>"; };
		8558FC98275D2025007CF2CC /* weatherData.json */ = {isa = PBXFileReference; lastKnownFileType = text.json; path = weatherData.json; sourceTree = "<group>"; };
		8558FC9A275D2325007CF2CC /* Extensions.swift */ = {isa = PBXFileReference; lastKnownFileType = sourcecode.swift; path = Extensions.swift; sourceTree = "<group>"; };
		8558FC9D275D2CB4007CF2CC /* WeatherRow.swift */ = {isa = PBXFileReference; lastKnownFileType = sourcecode.swift; path = WeatherRow.swift; sourceTree = "<group>"; };
/* End PBXFileReference section */

/* Begin PBXFrameworksBuildPhase section */
		8558FC76275D1281007CF2CC /* Frameworks */ = {
			isa = PBXFrameworksBuildPhase;
			buildActionMask = 2147483647;
			files = (
			);
			runOnlyForDeploymentPostprocessing = 0;
		};
/* End PBXFrameworksBuildPhase section */

/* Begin PBXGroup section */
		8558FC70275D1281007CF2CC = {
			isa = PBXGroup;
			children = (
				8558FC7B275D1281007CF2CC /* WeatherDemo */,
				8558FC7A275D1281007CF2CC /* Products */,
			);
			sourceTree = "<group>";
		};
		8558FC7A275D1281007CF2CC /* Products */ = {
			isa = PBXGroup;
			children = (
				8558FC79275D1281007CF2CC /* WeatherDemo.app */,
			);
			name = Products;
			sourceTree = "<group>";
		};
		8558FC7B275D1281007CF2CC /* WeatherDemo */ = {
			isa = PBXGroup;
			children = (
				8558FC9C275D2C88007CF2CC /* Components */,
				8558FC8D275D1450007CF2CC /* Views */,
				8558FC8A275D12D2007CF2CC /* Managers */,
				8558FC7C275D1282007CF2CC /* WeatherDemoApp.swift */,
				8558FC80275D1285007CF2CC /* Assets.xcassets */,
				8558FC82275D1285007CF2CC /* Preview Content */,
				8558FC9A275D2325007CF2CC /* Extensions.swift */,
			);
			path = WeatherDemo;
			sourceTree = "<group>";
		};
		8558FC82275D1285007CF2CC /* Preview Content */ = {
			isa = PBXGroup;
			children = (
				8558FC83275D1285007CF2CC /* Preview Assets.xcassets */,
				8558FC96275D1FCD007CF2CC /* ModelData.swift */,
				8558FC98275D2025007CF2CC /* weatherData.json */,
			);
			path = "Preview Content";
			sourceTree = "<group>";
		};
		8558FC8A275D12D2007CF2CC /* Managers */ = {
			isa = PBXGroup;
			children = (
				8558FC8B275D12EE007CF2CC /* LocationManager.swift */,
				8558FC92275D1A86007CF2CC /* WeatherManager.swift */,
			);
			path = Managers;
			sourceTree = "<group>";
		};
		8558FC8D275D1450007CF2CC /* Views */ = {
			isa = PBXGroup;
			children = (
				8558FC7E275D1282007CF2CC /* ContentView.swift */,
				8558FC8E275D14C2007CF2CC /* WelcomeView.swift */,
				8558FC90275D1889007CF2CC /* LoadingView.swift */,
				8558FC94275D1EF0007CF2CC /* WeatherView.swift */,
			);
			path = Views;
			sourceTree = "<group>";
		};
		8558FC9C275D2C88007CF2CC /* Components */ = {
			isa = PBXGroup;
			children = (
				8558FC9D275D2CB4007CF2CC /* WeatherRow.swift */,
			);
			path = Components;
			sourceTree = "<group>";
		};
/* End PBXGroup section */

/* Begin PBXNativeTarget section */
		8558FC78275D1281007CF2CC /* WeatherDemo */ = {
			isa = PBXNativeTarget;
			buildConfigurationList = 8558FC87275D1285007CF2CC /* Build configuration list for PBXNativeTarget "WeatherDemo" */;
			buildPhases = (
				8558FC75275D1281007CF2CC /* Sources */,
				8558FC76275D1281007CF2CC /* Frameworks */,
				8558FC77275D1281007CF2CC /* Resources */,
			);
			buildRules = (
			);
			dependencies = (
			);
			name = WeatherDemo;
			productName = WeatherDemo;
			productReference = 8558FC79275D1281007CF2CC /* WeatherDemo.app */;
			productType = "com.apple.product-type.application";
		};
/* End PBXNativeTarget section */

/* Begin PBXProject section */
		8558FC71275D1281007CF2CC /* Project object */ = {
			isa = PBXProject;
			attributes = {
				BuildIndependentTargetsInParallel = 1;
				LastSwiftUpdateCheck = 1300;
				LastUpgradeCheck = 1300;
				TargetAttributes = {
					8558FC78275D1281007CF2CC = {
						CreatedOnToolsVersion = 13.0;
					};
				};
			};
			buildConfigurationList = 8558FC74275D1281007CF2CC /* Build configuration list for PBXProject "WeatherDemo" */;
			compatibilityVersion = "Xcode 13.0";
			developmentRegion = en;
			hasScannedForEncodings = 0;
			knownRegions = (
				en,
				Base,
			);
			mainGroup = 8558FC70275D1281007CF2CC;
			productRefGroup = 8558FC7A275D1281007CF2CC /* Products */;
			projectDirPath = "";
			projectRoot = "";
			targets = (
				8558FC78275D1281007CF2CC /* WeatherDemo */,
			);
		};
/* End PBXProject section */

/* Begin PBXResourcesBuildPhase section */
		8558FC77275D1281007CF2CC /* Resources */ = {
			isa = PBXResourcesBuildPhase;
			buildActionMask = 2147483647;
			files = (
				8558FC84275D1285007CF2CC /* Preview Assets.xcassets in Resources */,
				8558FC99275D2025007CF2CC /* weatherData.json in Resources */,
				8558FC81275D1285007CF2CC /* Assets.xcassets in Resources */,
			);
			runOnlyForDeploymentPostprocessing = 0;
		};
/* End PBXResourcesBuildPhase section */

/* Begin PBXSourcesBuildPhase section */
		8558FC75275D1281007CF2CC /* Sources */ = {
			isa = PBXSourcesBuildPhase;
			buildActionMask = 2147483647;
			files = (
				8558FC93275D1A86007CF2CC /* WeatherManager.swift in Sources */,
				8558FC9B275D2325007CF2CC /* Extensions.swift in Sources */,
				8558FC7F275D1282007CF2CC /* ContentView.swift in Sources */,
				8558FC7D275D1282007CF2CC /* WeatherDemoApp.swift in Sources */,
				8558FC8C275D12EE007CF2CC /* LocationManager.swift in Sources */,
				8558FC9E275D2CB4007CF2CC /* WeatherRow.swift in Sources */,
				8558FC91275D188A007CF2CC /* LoadingView.swift in Sources */,
				8558FC97275D1FCD007CF2CC /* ModelData.swift in Sources */,
				8558FC95275D1EF0007CF2CC /* WeatherView.swift in Sources */,
				8558FC8F275D14C2007CF2CC /* WelcomeView.swift in Sources */,
			);
			runOnlyForDeploymentPostprocessing = 0;
		};
/* End PBXSourcesBuildPhase section */

/* Begin XCBuildConfiguration section */
		8558FC85275D1285007CF2CC /* Debug */ = {
			isa = XCBuildConfiguration;
			buildSettings = {
				ALWAYS_SEARCH_USER_PATHS = NO;
				CLANG_ANALYZER_NONNULL = YES;
				CLANG_ANALYZER_NUMBER_OBJECT_CONVERSION = YES_AGGRESSIVE;
				CLANG_CXX_LANGUAGE_STANDARD = "gnu++17";
				CLANG_CXX_LIBRARY = "libc++";
				CLANG_ENABLE_MODULES = YES;
				CLANG_ENABLE_OBJC_ARC = YES;
				CLANG_ENABLE_OBJC_WEAK = YES;
				CLANG_WARN_BLOCK_CAPTURE_AUTORELEASING = YES;
				CLANG_WARN_BOOL_CONVERSION = YES;
				CLANG_WARN_COMMA = YES;
				CLANG_WARN_CONSTANT_CONVERSION = YES;
				CLANG_WARN_DEPRECATED_OBJC_IMPLEMENTATIONS = YES;
				CLANG_WARN_DIRECT_OBJC_ISA_USAGE = YES_ERROR;
				CLANG_WARN_DOCUMENTATION_COMMENTS = YES;
				CLANG_WARN_EMPTY_BODY = YES;
				CLANG_WARN_ENUM_CONVERSION = YES;
				CLANG_WARN_INFINITE_RECURSION = YES;
				CLANG_WARN_INT_CONVERSION = YES;
				CLANG_WARN_NON_LITERAL_NULL_CONVERSION = YES;
				CLANG_WARN_OBJC_IMPLICIT_RETAIN_SELF = YES;
				CLANG_WARN_OBJC_LITERAL_CONVERSION = YES;
				CLANG_WARN_OBJC_ROOT_CLASS = YES_ERROR;
				CLANG_WARN_QUOTED_INCLUDE_IN_FRAMEWORK_HEADER = YES;
				CLANG_WARN_RANGE_LOOP_ANALYSIS = YES;
				CLANG_WARN_STRICT_PROTOTYPES = YES;
				CLANG_WARN_SUSPICIOUS_MOVE = YES;
				CLANG_WARN_UNGUARDED_AVAILABILITY = YES_AGGRESSIVE;
				CLANG_WARN_UNREACHABLE_CODE = YES;
				CLANG_WARN__DUPLICATE_METHOD_MATCH = YES;
				COPY_PHASE_STRIP = NO;
				DEBUG_INFORMATION_FORMAT = dwarf;
				ENABLE_STRICT_OBJC_MSGSEND = YES;
				ENABLE_TESTABILITY = YES;
				GCC_C_LANGUAGE_STANDARD = gnu11;
				GCC_DYNAMIC_NO_PIC = NO;
				GCC_NO_COMMON_BLOCKS = YES;
				GCC_OPTIMIZATION_LEVEL = 0;
				GCC_PREPROCESSOR_DEFINITIONS = (
					"DEBUG=1",
					"$(inherited)",
				);
				GCC_WARN_64_TO_32_BIT_CONVERSION = YES;
				GCC_WARN_ABOUT_RETURN_TYPE = YES_ERROR;
				GCC_WARN_UNDECLARED_SELECTOR = YES;
				GCC_WARN_UNINITIALIZED_AUTOS = YES_AGGRESSIVE;
				GCC_WARN_UNUSED_FUNCTION = YES;
				GCC_WARN_UNUSED_VARIABLE = YES;
				IPHONEOS_DEPLOYMENT_TARGET = 15.0;
				MTL_ENABLE_DEBUG_INFO = INCLUDE_SOURCE;
				MTL_FAST_MATH = YES;
				ONLY_ACTIVE_ARCH = YES;
				SDKROOT = iphoneos;
				SWIFT_ACTIVE_COMPILATION_CONDITIONS = DEBUG;
				SWIFT_OPTIMIZATION_LEVEL = "-Onone";
			};
			name = Debug;
		};
		8558FC86275D1285007CF2CC /* Release */ = {
			isa = XCBuildConfiguration;
			buildSettings = {
				ALWAYS_SEARCH_USER_PATHS = NO;
				CLANG_ANALYZER_NONNULL = YES;
				CLANG_ANALYZER_NUMBER_OBJECT_CONVERSION = YES_AGGRESSIVE;
				CLANG_CXX_LANGUAGE_STANDARD = "gnu++17";
				CLANG_CXX_LIBRARY = "libc++";
				CLANG_ENABLE_MODULES = YES;
				CLANG_ENABLE_OBJC_ARC = YES;
				CLANG_ENABLE_OBJC_WEAK = YES;
				CLANG_WARN_BLOCK_CAPTURE_AUTORELEASING = YES;
				CLANG_WARN_BOOL_CONVERSION = YES;
				CLANG_WARN_COMMA = YES;
				CLANG_WARN_CONSTANT_CONVERSION = YES;
				CLANG_WARN_DEPRECATED_OBJC_IMPLEMENTATIONS = YES;
				CLANG_WARN_DIRECT_OBJC_ISA_USAGE = YES_ERROR;
				CLANG_WARN_DOCUMENTATION_COMMENTS = YES;
				CLANG_WARN_EMPTY_BODY = YES;
				CLANG_WARN_ENUM_CONVERSION = YES;
				CLANG_WARN_INFINITE_RECURSION = YES;
				CLANG_WARN_INT_CONVERSION = YES;
				CLANG_WARN_NON_LITERAL_NULL_CONVERSION = YES;
				CLANG_WARN_OBJC_IMPLICIT_RETAIN_SELF = YES;
				CLANG_WARN_OBJC_LITERAL_CONVERSION = YES;
				CLANG_WARN_OBJC_ROOT_CLASS = YES_ERROR;
				CLANG_WARN_QUOTED_INCLUDE_IN_FRAMEWORK_HEADER = YES;
				CLANG_WARN_RANGE_LOOP_ANALYSIS = YES;
				CLANG_WARN_STRICT_PROTOTYPES = YES;
				CLANG_WARN_SUSPICIOUS_MOVE = YES;
				CLANG_WARN_UNGUARDED_AVAILABILITY = YES_AGGRESSIVE;
				CLANG_WARN_UNREACHABLE_CODE = YES;
				CLANG_WARN__DUPLICATE_METHOD_MATCH = YES;
				COPY_PHASE_STRIP = NO;
				DEBUG_INFORMATION_FORMAT = "dwarf-with-dsym";
				ENABLE_NS_ASSERTIONS = NO;
				ENABLE_STRICT_OBJC_MSGSEND = YES;
				GCC_C_LANGUAGE_STANDARD = gnu11;
				GCC_NO_COMMON_BLOCKS = YES;
				GCC_WARN_64_TO_32_BIT_CONVERSION = YES;
				GCC_WARN_ABOUT_RETURN_TYPE = YES_ERROR;
				GCC_WARN_UNDECLARED_SELECTOR = YES;
				GCC_WARN_UNINITIALIZED_AUTOS = YES_AGGRESSIVE;
				GCC_WARN_UNUSED_FUNCTION = YES;
				GCC_WARN_UNUSED_VARIABLE = YES;
				IPHONEOS_DEPLOYMENT_TARGET = 15.0;
				MTL_ENABLE_DEBUG_INFO = NO;
				MTL_FAST_MATH = YES;
				SDKROOT = iphoneos;
				SWIFT_COMPILATION_MODE = wholemodule;
				SWIFT_OPTIMIZATION_LEVEL = "-O";
				VALIDATE_PRODUCT = YES;
			};
			name = Release;
		};
		8558FC88275D1285007CF2CC /* Debug */ = {
			isa = XCBuildConfiguration;
			buildSettings = {
				ASSETCATALOG_COMPILER_APPICON_NAME = AppIcon;
				ASSETCATALOG_COMPILER_GLOBAL_ACCENT_COLOR_NAME = AccentColor;
				CODE_SIGN_STYLE = Automatic;
				CURRENT_PROJECT_VERSION = 1;
				DEVELOPMENT_ASSET_PATHS = "\"WeatherDemo/Preview Content\"";
				DEVELOPMENT_TEAM = L8NYQZHD67;
				ENABLE_PREVIEWS = YES;
				GENERATE_INFOPLIST_FILE = YES;
				INFOPLIST_KEY_UIApplicationSceneManifest_Generation = YES;
				INFOPLIST_KEY_UIApplicationSupportsIndirectInputEvents = YES;
				INFOPLIST_KEY_UILaunchScreen_Generation = YES;
				INFOPLIST_KEY_UISupportedInterfaceOrientations_iPad = "UIInterfaceOrientationPortrait UIInterfaceOrientationPortraitUpsideDown UIInterfaceOrientationLandscapeLeft UIInterfaceOrientationLandscapeRight";
				INFOPLIST_KEY_UISupportedInterfaceOrientations_iPhone = "UIInterfaceOrientationPortrait UIInterfaceOrientationLandscapeLeft UIInterfaceOrientationLandscapeRight";
				IPHONEOS_DEPLOYMENT_TARGET = 15.0;
				LD_RUNPATH_SEARCH_PATHS = (
					"$(inherited)",
					"@executable_path/Frameworks",
				);
				MARKETING_VERSION = 1.0;
				PRODUCT_BUNDLE_IDENTIFIER = vladislav.zhiv.WeatherDemo;
				PRODUCT_NAME = "$(TARGET_NAME)";
				SWIFT_EMIT_LOC_STRINGS = YES;
				SWIFT_VERSION = 5.0;
				TARGETED_DEVICE_FAMILY = 1;
			};
			name = Debug;
		};
		8558FC89275D1285007CF2CC /* Release */ = {
			isa = XCBuildConfiguration;
			buildSettings = {
				ASSETCATALOG_COMPILER_APPICON_NAME = AppIcon;
				ASSETCATALOG_COMPILER_GLOBAL_ACCENT_COLOR_NAME = AccentColor;
				CODE_SIGN_STYLE = Automatic;
				CURRENT_PROJECT_VERSION = 1;
				DEVELOPMENT_ASSET_PATHS = "\"WeatherDemo/Preview Content\"";
				DEVELOPMENT_TEAM = L8NYQZHD67;
				ENABLE_PREVIEWS = YES;
				GENERATE_INFOPLIST_FILE = YES;
				INFOPLIST_KEY_UIApplicationSceneManifest_Generation = YES;
				INFOPLIST_KEY_UIApplicationSupportsIndirectInputEvents = YES;
				INFOPLIST_KEY_UILaunchScreen_Generation = YES;
				INFOPLIST_KEY_UISupportedInterfaceOrientations_iPad = "UIInterfaceOrientationPortrait UIInterfaceOrientationPortraitUpsideDown UIInterfaceOrientationLandscapeLeft UIInterfaceOrientationLandscapeRight";
				INFOPLIST_KEY_UISupportedInterfaceOrientations_iPhone = "UIInterfaceOrientationPortrait UIInterfaceOrientationLandscapeLeft UIInterfaceOrientationLandscapeRight";
				IPHONEOS_DEPLOYMENT_TARGET = 15.0;
				LD_RUNPATH_SEARCH_PATHS = (
					"$(inherited)",
					"@executable_path/Frameworks",
				);
				MARKETING_VERSION = 1.0;
				PRODUCT_BUNDLE_IDENTIFIER = vladislav.zhiv.WeatherDemo;
				PRODUCT_NAME = "$(TARGET_NAME)";
				SWIFT_EMIT_LOC_STRINGS = YES;
				SWIFT_VERSION = 5.0;
				TARGETED_DEVICE_FAMILY = 1;
			};
			name = Release;
		};
/* End XCBuildConfiguration section */

/* Begin XCConfigurationList section */
		8558FC74275D1281007CF2CC /* Build configuration list for PBXProject "WeatherDemo" */ = {
			isa = XCConfigurationList;
			buildConfigurations = (
				8558FC85275D1285007CF2CC /* Debug */,
				8558FC86275D1285007CF2CC /* Release */,
			);
			defaultConfigurationIsVisible = 0;
			defaultConfigurationName = Release;
		};
		8558FC87275D1285007CF2CC /* Build configuration list for PBXNativeTarget "WeatherDemo" */ = {
			isa = XCConfigurationList;
			buildConfigurations = (
				8558FC88275D1285007CF2CC /* Debug */,
				8558FC89275D1285007CF2CC /* Release */,
			);
			defaultConfigurationIsVisible = 0;
			defaultConfigurationName = Release;
		};
/* End XCConfigurationList section */
	};
	rootObject = 8558FC71275D1281007CF2CC /* Project object */;
}
